
Microsoft Visual Studio Solution File, Format Version 12.00
# Visual Studio 14
VisualStudioVersion = 14.0.25420.1
MinimumVisualStudioVersion = 10.0.40219.1
Project("{FAE04EC0-301F-11D3-BF4B-00C04F79EFBC}") = "DXNewsApp", "DXNewsApp\DXNewsApp\DXNewsApp.csproj", "{4FFAF763-C734-47AA-80AF-620611310C0A}"
EndProject
Project("{FAE04EC0-301F-11D3-BF4B-00C04F79EFBC}") = "DXNewsApp.Droid", "DXNewsApp\DXNewsApp.Droid\DXNewsApp.Droid.csproj", "{09C497E1-17D5-45A4-B430-C7A4D331DD7C}"
EndProject
Project("{FAE04EC0-301F-11D3-BF4B-00C04F79EFBC}") = "DXNewsApp.iOS", "DXNewsApp\DXNewsApp.iOS\DXNewsApp.iOS.csproj", "{FF30429D-04CB-4A66-89BB-4EDA34B737F8}"
EndProject
Project("{FAE04EC0-301F-11D3-BF4B-00C04F79EFBC}") = "DXNewsApp.WinPhone", "DXNewsApp\DXNewsApp.WinPhone\DXNewsApp.WinPhone.csproj", "{363A614A-0971-43D6-8A82-D6CF24022D67}"
EndProject
Project("{FAE04EC0-301F-11D3-BF4B-00C04F79EFBC}") = "DXNewsApp.UWP", "DXNewsApp\DXNewsApp.UWP\DXNewsApp.UWP.csproj", "{68383AB6-0BD4-47A0-B629-436114E6A8F7}"
EndProject
Project("{FAE04EC0-301F-11D3-BF4B-00C04F79EFBC}") = "DXNewsApp.Windows", "DXNewsApp\DXNewsApp.Windows\DXNewsApp.Windows.csproj", "{DB7F5C8E-93EC-4C39-B98A-A08B54519052}"
EndProject
Global
	GlobalSection(SolutionConfigurationPlatforms) = preSolution
		Ad-Hoc|Any CPU = Ad-Hoc|Any CPU
		Ad-Hoc|ARM = Ad-Hoc|ARM
		Ad-Hoc|iPhone = Ad-Hoc|iPhone
		Ad-Hoc|iPhoneSimulator = Ad-Hoc|iPhoneSimulator
		Ad-Hoc|x64 = Ad-Hoc|x64
		Ad-Hoc|x86 = Ad-Hoc|x86
		AppStore|Any CPU = AppStore|Any CPU
		AppStore|ARM = AppStore|ARM
		AppStore|iPhone = AppStore|iPhone
		AppStore|iPhoneSimulator = AppStore|iPhoneSimulator
		AppStore|x64 = AppStore|x64
		AppStore|x86 = AppStore|x86
		Debug|Any CPU = Debug|Any CPU
		Debug|ARM = Debug|ARM
		Debug|iPhone = Debug|iPhone
		Debug|iPhoneSimulator = Debug|iPhoneSimulator
		Debug|x64 = Debug|x64
		Debug|x86 = Debug|x86
		Release|Any CPU = Release|Any CPU
		Release|ARM = Release|ARM
		Release|iPhone = Release|iPhone
		Release|iPhoneSimulator = Release|iPhoneSimulator
		Release|x64 = Release|x64
		Release|x86 = Release|x86
	EndGlobalSection
	GlobalSection(ProjectConfigurationPlatforms) = postSolution
		{4FFAF763-C734-47AA-80AF-620611310C0A}.Ad-Hoc|Any CPU.ActiveCfg = Release|Any CPU
		{4FFAF763-C734-47AA-80AF-620611310C0A}.Ad-Hoc|Any CPU.Build.0 = Release|Any CPU
		{4FFAF763-C734-47AA-80AF-620611310C0A}.Ad-Hoc|ARM.ActiveCfg = Release|Any CPU
		{4FFAF763-C734-47AA-80AF-620611310C0A}.Ad-Hoc|ARM.Build.0 = Release|Any CPU
		{4FFAF763-C734-47AA-80AF-620611310C0A}.Ad-Hoc|iPhone.ActiveCfg = Release|Any CPU
		{4FFAF763-C734-47AA-80AF-620611310C0A}.Ad-Hoc|iPhone.Build.0 = Release|Any CPU
		{4FFAF763-C734-47AA-80AF-620611310C0A}.Ad-Hoc|iPhoneSimulator.ActiveCfg = Release|Any CPU
		{4FFAF763-C734-47AA-80AF-620611310C0A}.Ad-Hoc|iPhoneSimulator.Build.0 = Release|Any CPU
		{4FFAF763-C734-47AA-80AF-620611310C0A}.Ad-Hoc|x64.ActiveCfg = Release|Any CPU
		{4FFAF763-C734-47AA-80AF-620611310C0A}.Ad-Hoc|x64.Build.0 = Release|Any CPU
		{4FFAF763-C734-47AA-80AF-620611310C0A}.Ad-Hoc|x86.ActiveCfg = Release|Any CPU
		{4FFAF763-C734-47AA-80AF-620611310C0A}.Ad-Hoc|x86.Build.0 = Release|Any CPU
		{4FFAF763-C734-47AA-80AF-620611310C0A}.AppStore|Any CPU.ActiveCfg = Release|Any CPU
		{4FFAF763-C734-47AA-80AF-620611310C0A}.AppStore|Any CPU.Build.0 = Release|Any CPU
		{4FFAF763-C734-47AA-80AF-620611310C0A}.AppStore|ARM.ActiveCfg = Release|Any CPU
		{4FFAF763-C734-47AA-80AF-620611310C0A}.AppStore|ARM.Build.0 = Release|Any CPU
		{4FFAF763-C734-47AA-80AF-620611310C0A}.AppStore|iPhone.ActiveCfg = Release|Any CPU
		{4FFAF763-C734-47AA-80AF-620611310C0A}.AppStore|iPhone.Build.0 = Release|Any CPU
		{4FFAF763-C734-47AA-80AF-620611310C0A}.AppStore|iPhoneSimulator.ActiveCfg = Release|Any CPU
		{4FFAF763-C734-47AA-80AF-620611310C0A}.AppStore|iPhoneSimulator.Build.0 = Release|Any CPU
		{4FFAF763-C734-47AA-80AF-620611310C0A}.AppStore|x64.ActiveCfg = Release|Any CPU
		{4FFAF763-C734-47AA-80AF-620611310C0A}.AppStore|x64.Build.0 = Release|Any CPU
		{4FFAF763-C734-47AA-80AF-620611310C0A}.AppStore|x86.ActiveCfg = Release|Any CPU
		{4FFAF763-C734-47AA-80AF-620611310C0A}.AppStore|x86.Build.0 = Release|Any CPU
		{4FFAF763-C734-47AA-80AF-620611310C0A}.Debug|Any CPU.ActiveCfg = Debug|Any CPU
		{4FFAF763-C734-47AA-80AF-620611310C0A}.Debug|Any CPU.Build.0 = Debug|Any CPU
		{4FFAF763-C734-47AA-80AF-620611310C0A}.Debug|ARM.ActiveCfg = Debug|Any CPU
		{4FFAF763-C734-47AA-80AF-620611310C0A}.Debug|ARM.Build.0 = Debug|Any CPU
		{4FFAF763-C734-47AA-80AF-620611310C0A}.Debug|iPhone.ActiveCfg = Debug|Any CPU
		{4FFAF763-C734-47AA-80AF-620611310C0A}.Debug|iPhone.Build.0 = Debug|Any CPU
		{4FFAF763-C734-47AA-80AF-620611310C0A}.Debug|iPhoneSimulator.ActiveCfg = Debug|Any CPU
		{4FFAF763-C734-47AA-80AF-620611310C0A}.Debug|iPhoneSimulator.Build.0 = Debug|Any CPU
		{4FFAF763-C734-47AA-80AF-620611310C0A}.Debug|x64.ActiveCfg = Debug|Any CPU
		{4FFAF763-C734-47AA-80AF-620611310C0A}.Debug|x64.Build.0 = Debug|Any CPU
		{4FFAF763-C734-47AA-80AF-620611310C0A}.Debug|x86.ActiveCfg = Debug|Any CPU
		{4FFAF763-C734-47AA-80AF-620611310C0A}.Debug|x86.Build.0 = Debug|Any CPU
		{4FFAF763-C734-47AA-80AF-620611310C0A}.Release|Any CPU.ActiveCfg = Release|Any CPU
		{4FFAF763-C734-47AA-80AF-620611310C0A}.Release|Any CPU.Build.0 = Release|Any CPU
		{4FFAF763-C734-47AA-80AF-620611310C0A}.Release|ARM.ActiveCfg = Release|Any CPU
		{4FFAF763-C734-47AA-80AF-620611310C0A}.Release|ARM.Build.0 = Release|Any CPU
		{4FFAF763-C734-47AA-80AF-620611310C0A}.Release|iPhone.ActiveCfg = Release|Any CPU
		{4FFAF763-C734-47AA-80AF-620611310C0A}.Release|iPhone.Build.0 = Release|Any CPU
		{4FFAF763-C734-47AA-80AF-620611310C0A}.Release|iPhoneSimulator.ActiveCfg = Release|Any CPU
		{4FFAF763-C734-47AA-80AF-620611310C0A}.Release|iPhoneSimulator.Build.0 = Release|Any CPU
		{4FFAF763-C734-47AA-80AF-620611310C0A}.Release|x64.ActiveCfg = Release|Any CPU
		{4FFAF763-C734-47AA-80AF-620611310C0A}.Release|x64.Build.0 = Release|Any CPU
		{4FFAF763-C734-47AA-80AF-620611310C0A}.Release|x86.ActiveCfg = Release|Any CPU
		{4FFAF763-C734-47AA-80AF-620611310C0A}.Release|x86.Build.0 = Release|Any CPU
		{09C497E1-17D5-45A4-B430-C7A4D331DD7C}.Ad-Hoc|Any CPU.ActiveCfg = Release|Any CPU
		{09C497E1-17D5-45A4-B430-C7A4D331DD7C}.Ad-Hoc|Any CPU.Build.0 = Release|Any CPU
		{09C497E1-17D5-45A4-B430-C7A4D331DD7C}.Ad-Hoc|Any CPU.Deploy.0 = Release|Any CPU
		{09C497E1-17D5-45A4-B430-C7A4D331DD7C}.Ad-Hoc|ARM.ActiveCfg = Release|Any CPU
		{09C497E1-17D5-45A4-B430-C7A4D331DD7C}.Ad-Hoc|ARM.Build.0 = Release|Any CPU
		{09C497E1-17D5-45A4-B430-C7A4D331DD7C}.Ad-Hoc|ARM.Deploy.0 = Release|Any CPU
		{09C497E1-17D5-45A4-B430-C7A4D331DD7C}.Ad-Hoc|iPhone.ActiveCfg = Release|Any CPU
		{09C497E1-17D5-45A4-B430-C7A4D331DD7C}.Ad-Hoc|iPhone.Build.0 = Release|Any CPU
		{09C497E1-17D5-45A4-B430-C7A4D331DD7C}.Ad-Hoc|iPhone.Deploy.0 = Release|Any CPU
		{09C497E1-17D5-45A4-B430-C7A4D331DD7C}.Ad-Hoc|iPhoneSimulator.ActiveCfg = Release|Any CPU
		{09C497E1-17D5-45A4-B430-C7A4D331DD7C}.Ad-Hoc|iPhoneSimulator.Build.0 = Release|Any CPU
		{09C497E1-17D5-45A4-B430-C7A4D331DD7C}.Ad-Hoc|iPhoneSimulator.Deploy.0 = Release|Any CPU
		{09C497E1-17D5-45A4-B430-C7A4D331DD7C}.Ad-Hoc|x64.ActiveCfg = Release|Any CPU
		{09C497E1-17D5-45A4-B430-C7A4D331DD7C}.Ad-Hoc|x64.Build.0 = Release|Any CPU
		{09C497E1-17D5-45A4-B430-C7A4D331DD7C}.Ad-Hoc|x64.Deploy.0 = Release|Any CPU
		{09C497E1-17D5-45A4-B430-C7A4D331DD7C}.Ad-Hoc|x86.ActiveCfg = Release|Any CPU
		{09C497E1-17D5-45A4-B430-C7A4D331DD7C}.Ad-Hoc|x86.Build.0 = Release|Any CPU
		{09C497E1-17D5-45A4-B430-C7A4D331DD7C}.Ad-Hoc|x86.Deploy.0 = Release|Any CPU
		{09C497E1-17D5-45A4-B430-C7A4D331DD7C}.AppStore|Any CPU.ActiveCfg = Release|Any CPU
		{09C497E1-17D5-45A4-B430-C7A4D331DD7C}.AppStore|Any CPU.Build.0 = Release|Any CPU
		{09C497E1-17D5-45A4-B430-C7A4D331DD7C}.AppStore|Any CPU.Deploy.0 = Release|Any CPU
		{09C497E1-17D5-45A4-B430-C7A4D331DD7C}.AppStore|ARM.ActiveCfg = Release|Any CPU
		{09C497E1-17D5-45A4-B430-C7A4D331DD7C}.AppStore|ARM.Build.0 = Release|Any CPU
		{09C497E1-17D5-45A4-B430-C7A4D331DD7C}.AppStore|ARM.Deploy.0 = Release|Any CPU
		{09C497E1-17D5-45A4-B430-C7A4D331DD7C}.AppStore|iPhone.ActiveCfg = Release|Any CPU
		{09C497E1-17D5-45A4-B430-C7A4D331DD7C}.AppStore|iPhone.Build.0 = Release|Any CPU
		{09C497E1-17D5-45A4-B430-C7A4D331DD7C}.AppStore|iPhone.Deploy.0 = Release|Any CPU
		{09C497E1-17D5-45A4-B430-C7A4D331DD7C}.AppStore|iPhoneSimulator.ActiveCfg = Release|Any CPU
		{09C497E1-17D5-45A4-B430-C7A4D331DD7C}.AppStore|iPhoneSimulator.Build.0 = Release|Any CPU
		{09C497E1-17D5-45A4-B430-C7A4D331DD7C}.AppStore|iPhoneSimulator.Deploy.0 = Release|Any CPU
		{09C497E1-17D5-45A4-B430-C7A4D331DD7C}.AppStore|x64.ActiveCfg = Release|Any CPU
		{09C497E1-17D5-45A4-B430-C7A4D331DD7C}.AppStore|x64.Build.0 = Release|Any CPU
		{09C497E1-17D5-45A4-B430-C7A4D331DD7C}.AppStore|x64.Deploy.0 = Release|Any CPU
		{09C497E1-17D5-45A4-B430-C7A4D331DD7C}.AppStore|x86.ActiveCfg = Release|Any CPU
		{09C497E1-17D5-45A4-B430-C7A4D331DD7C}.AppStore|x86.Build.0 = Release|Any CPU
		{09C497E1-17D5-45A4-B430-C7A4D331DD7C}.AppStore|x86.Deploy.0 = Release|Any CPU
		{09C497E1-17D5-45A4-B430-C7A4D331DD7C}.Debug|Any CPU.ActiveCfg = Debug|Any CPU
		{09C497E1-17D5-45A4-B430-C7A4D331DD7C}.Debug|Any CPU.Build.0 = Debug|Any CPU
		{09C497E1-17D5-45A4-B430-C7A4D331DD7C}.Debug|Any CPU.Deploy.0 = Debug|Any CPU
		{09C497E1-17D5-45A4-B430-C7A4D331DD7C}.Debug|ARM.ActiveCfg = Debug|Any CPU
		{09C497E1-17D5-45A4-B430-C7A4D331DD7C}.Debug|ARM.Build.0 = Debug|Any CPU
		{09C497E1-17D5-45A4-B430-C7A4D331DD7C}.Debug|ARM.Deploy.0 = Debug|Any CPU
		{09C497E1-17D5-45A4-B430-C7A4D331DD7C}.Debug|iPhone.ActiveCfg = Debug|Any CPU
		{09C497E1-17D5-45A4-B430-C7A4D331DD7C}.Debug|iPhone.Build.0 = Debug|Any CPU
		{09C497E1-17D5-45A4-B430-C7A4D331DD7C}.Debug|iPhone.Deploy.0 = Debug|Any CPU
		{09C497E1-17D5-45A4-B430-C7A4D331DD7C}.Debug|iPhoneSimulator.ActiveCfg = Debug|Any CPU
		{09C497E1-17D5-45A4-B430-C7A4D331DD7C}.Debug|iPhoneSimulator.Build.0 = Debug|Any CPU
		{09C497E1-17D5-45A4-B430-C7A4D331DD7C}.Debug|iPhoneSimulator.Deploy.0 = Debug|Any CPU
		{09C497E1-17D5-45A4-B430-C7A4D331DD7C}.Debug|x64.ActiveCfg = Debug|Any CPU
		{09C497E1-17D5-45A4-B430-C7A4D331DD7C}.Debug|x64.Build.0 = Debug|Any CPU
		{09C497E1-17D5-45A4-B430-C7A4D331DD7C}.Debug|x64.Deploy.0 = Debug|Any CPU
		{09C497E1-17D5-45A4-B430-C7A4D331DD7C}.Debug|x86.ActiveCfg = Debug|Any CPU
		{09C497E1-17D5-45A4-B430-C7A4D331DD7C}.Debug|x86.Build.0 = Debug|Any CPU
		{09C497E1-17D5-45A4-B430-C7A4D331DD7C}.Debug|x86.Deploy.0 = Debug|Any CPU
		{09C497E1-17D5-45A4-B430-C7A4D331DD7C}.Release|Any CPU.ActiveCfg = Release|Any CPU
		{09C497E1-17D5-45A4-B430-C7A4D331DD7C}.Release|Any CPU.Build.0 = Release|Any CPU
		{09C497E1-17D5-45A4-B430-C7A4D331DD7C}.Release|Any CPU.Deploy.0 = Release|Any CPU
		{09C497E1-17D5-45A4-B430-C7A4D331DD7C}.Release|ARM.ActiveCfg = Release|Any CPU
		{09C497E1-17D5-45A4-B430-C7A4D331DD7C}.Release|ARM.Build.0 = Release|Any CPU
		{09C497E1-17D5-45A4-B430-C7A4D331DD7C}.Release|ARM.Deploy.0 = Release|Any CPU
		{09C497E1-17D5-45A4-B430-C7A4D331DD7C}.Release|iPhone.ActiveCfg = Release|Any CPU
		{09C497E1-17D5-45A4-B430-C7A4D331DD7C}.Release|iPhone.Build.0 = Release|Any CPU
		{09C497E1-17D5-45A4-B430-C7A4D331DD7C}.Release|iPhone.Deploy.0 = Release|Any CPU
		{09C497E1-17D5-45A4-B430-C7A4D331DD7C}.Release|iPhoneSimulator.ActiveCfg = Release|Any CPU
		{09C497E1-17D5-45A4-B430-C7A4D331DD7C}.Release|iPhoneSimulator.Build.0 = Release|Any CPU
		{09C497E1-17D5-45A4-B430-C7A4D331DD7C}.Release|iPhoneSimulator.Deploy.0 = Release|Any CPU
		{09C497E1-17D5-45A4-B430-C7A4D331DD7C}.Release|x64.ActiveCfg = Release|Any CPU
		{09C497E1-17D5-45A4-B430-C7A4D331DD7C}.Release|x64.Build.0 = Release|Any CPU
		{09C497E1-17D5-45A4-B430-C7A4D331DD7C}.Release|x64.Deploy.0 = Release|Any CPU
		{09C497E1-17D5-45A4-B430-C7A4D331DD7C}.Release|x86.ActiveCfg = Release|Any CPU
		{09C497E1-17D5-45A4-B430-C7A4D331DD7C}.Release|x86.Build.0 = Release|Any CPU
		{09C497E1-17D5-45A4-B430-C7A4D331DD7C}.Release|x86.Deploy.0 = Release|Any CPU
		{FF30429D-04CB-4A66-89BB-4EDA34B737F8}.Ad-Hoc|Any CPU.ActiveCfg = Ad-Hoc|iPhone
		{FF30429D-04CB-4A66-89BB-4EDA34B737F8}.Ad-Hoc|ARM.ActiveCfg = Ad-Hoc|iPhone
		{FF30429D-04CB-4A66-89BB-4EDA34B737F8}.Ad-Hoc|iPhone.ActiveCfg = Ad-Hoc|iPhone
		{FF30429D-04CB-4A66-89BB-4EDA34B737F8}.Ad-Hoc|iPhone.Build.0 = Ad-Hoc|iPhone
		{FF30429D-04CB-4A66-89BB-4EDA34B737F8}.Ad-Hoc|iPhoneSimulator.ActiveCfg = Ad-Hoc|iPhoneSimulator
		{FF30429D-04CB-4A66-89BB-4EDA34B737F8}.Ad-Hoc|iPhoneSimulator.Build.0 = Ad-Hoc|iPhoneSimulator
		{FF30429D-04CB-4A66-89BB-4EDA34B737F8}.Ad-Hoc|x64.ActiveCfg = Ad-Hoc|iPhone
		{FF30429D-04CB-4A66-89BB-4EDA34B737F8}.Ad-Hoc|x86.ActiveCfg = Ad-Hoc|iPhone
		{FF30429D-04CB-4A66-89BB-4EDA34B737F8}.AppStore|Any CPU.ActiveCfg = AppStore|iPhone
		{FF30429D-04CB-4A66-89BB-4EDA34B737F8}.AppStore|ARM.ActiveCfg = AppStore|iPhone
		{FF30429D-04CB-4A66-89BB-4EDA34B737F8}.AppStore|iPhone.ActiveCfg = AppStore|iPhone
		{FF30429D-04CB-4A66-89BB-4EDA34B737F8}.AppStore|iPhone.Build.0 = AppStore|iPhone
		{FF30429D-04CB-4A66-89BB-4EDA34B737F8}.AppStore|iPhoneSimulator.ActiveCfg = AppStore|iPhoneSimulator
		{FF30429D-04CB-4A66-89BB-4EDA34B737F8}.AppStore|iPhoneSimulator.Build.0 = AppStore|iPhoneSimulator
		{FF30429D-04CB-4A66-89BB-4EDA34B737F8}.AppStore|x64.ActiveCfg = AppStore|iPhone
		{FF30429D-04CB-4A66-89BB-4EDA34B737F8}.AppStore|x86.ActiveCfg = AppStore|iPhone
		{FF30429D-04CB-4A66-89BB-4EDA34B737F8}.Debug|Any CPU.ActiveCfg = Debug|iPhone
		{FF30429D-04CB-4A66-89BB-4EDA34B737F8}.Debug|ARM.ActiveCfg = Debug|iPhone
		{FF30429D-04CB-4A66-89BB-4EDA34B737F8}.Debug|iPhone.ActiveCfg = Debug|iPhone
		{FF30429D-04CB-4A66-89BB-4EDA34B737F8}.Debug|iPhone.Build.0 = Debug|iPhone
		{FF30429D-04CB-4A66-89BB-4EDA34B737F8}.Debug|iPhoneSimulator.ActiveCfg = Debug|iPhoneSimulator
		{FF30429D-04CB-4A66-89BB-4EDA34B737F8}.Debug|iPhoneSimulator.Build.0 = Debug|iPhoneSimulator
		{FF30429D-04CB-4A66-89BB-4EDA34B737F8}.Debug|x64.ActiveCfg = Debug|iPhone
		{FF30429D-04CB-4A66-89BB-4EDA34B737F8}.Debug|x86.ActiveCfg = Debug|iPhone
		{FF30429D-04CB-4A66-89BB-4EDA34B737F8}.Release|Any CPU.ActiveCfg = Release|iPhone
		{FF30429D-04CB-4A66-89BB-4EDA34B737F8}.Release|ARM.ActiveCfg = Release|iPhone
		{FF30429D-04CB-4A66-89BB-4EDA34B737F8}.Release|iPhone.ActiveCfg = Release|iPhone
		{FF30429D-04CB-4A66-89BB-4EDA34B737F8}.Release|iPhone.Build.0 = Release|iPhone
		{FF30429D-04CB-4A66-89BB-4EDA34B737F8}.Release|iPhoneSimulator.ActiveCfg = Release|iPhoneSimulator
		{FF30429D-04CB-4A66-89BB-4EDA34B737F8}.Release|iPhoneSimulator.Build.0 = Release|iPhoneSimulator
		{FF30429D-04CB-4A66-89BB-4EDA34B737F8}.Release|x64.ActiveCfg = Release|iPhone
		{FF30429D-04CB-4A66-89BB-4EDA34B737F8}.Release|x86.ActiveCfg = Release|iPhone
		{363A614A-0971-43D6-8A82-D6CF24022D67}.Ad-Hoc|Any CPU.ActiveCfg = Release|Any CPU
		{363A614A-0971-43D6-8A82-D6CF24022D67}.Ad-Hoc|Any CPU.Build.0 = Release|Any CPU
		{363A614A-0971-43D6-8A82-D6CF24022D67}.Ad-Hoc|Any CPU.Deploy.0 = Release|Any CPU
		{363A614A-0971-43D6-8A82-D6CF24022D67}.Ad-Hoc|ARM.ActiveCfg = Release|ARM
		{363A614A-0971-43D6-8A82-D6CF24022D67}.Ad-Hoc|ARM.Build.0 = Release|ARM
		{363A614A-0971-43D6-8A82-D6CF24022D67}.Ad-Hoc|ARM.Deploy.0 = Release|ARM
		{363A614A-0971-43D6-8A82-D6CF24022D67}.Ad-Hoc|iPhone.ActiveCfg = Release|Any CPU
		{363A614A-0971-43D6-8A82-D6CF24022D67}.Ad-Hoc|iPhone.Build.0 = Release|Any CPU
		{363A614A-0971-43D6-8A82-D6CF24022D67}.Ad-Hoc|iPhone.Deploy.0 = Release|Any CPU
		{363A614A-0971-43D6-8A82-D6CF24022D67}.Ad-Hoc|iPhoneSimulator.ActiveCfg = Release|Any CPU
		{363A614A-0971-43D6-8A82-D6CF24022D67}.Ad-Hoc|iPhoneSimulator.Build.0 = Release|Any CPU
		{363A614A-0971-43D6-8A82-D6CF24022D67}.Ad-Hoc|iPhoneSimulator.Deploy.0 = Release|Any CPU
		{363A614A-0971-43D6-8A82-D6CF24022D67}.Ad-Hoc|x64.ActiveCfg = Release|Any CPU
		{363A614A-0971-43D6-8A82-D6CF24022D67}.Ad-Hoc|x64.Build.0 = Release|Any CPU
		{363A614A-0971-43D6-8A82-D6CF24022D67}.Ad-Hoc|x64.Deploy.0 = Release|Any CPU
		{363A614A-0971-43D6-8A82-D6CF24022D67}.Ad-Hoc|x86.ActiveCfg = Release|x86
		{363A614A-0971-43D6-8A82-D6CF24022D67}.Ad-Hoc|x86.Build.0 = Release|x86
		{363A614A-0971-43D6-8A82-D6CF24022D67}.Ad-Hoc|x86.Deploy.0 = Release|x86
		{363A614A-0971-43D6-8A82-D6CF24022D67}.AppStore|Any CPU.ActiveCfg = Release|Any CPU
		{363A614A-0971-43D6-8A82-D6CF24022D67}.AppStore|Any CPU.Build.0 = Release|Any CPU
		{363A614A-0971-43D6-8A82-D6CF24022D67}.AppStore|Any CPU.Deploy.0 = Release|Any CPU
		{363A614A-0971-43D6-8A82-D6CF24022D67}.AppStore|ARM.ActiveCfg = Release|ARM
		{363A614A-0971-43D6-8A82-D6CF24022D67}.AppStore|ARM.Build.0 = Release|ARM
		{363A614A-0971-43D6-8A82-D6CF24022D67}.AppStore|ARM.Deploy.0 = Release|ARM
		{363A614A-0971-43D6-8A82-D6CF24022D67}.AppStore|iPhone.ActiveCfg = Release|Any CPU
		{363A614A-0971-43D6-8A82-D6CF24022D67}.AppStore|iPhone.Build.0 = Release|Any CPU
		{363A614A-0971-43D6-8A82-D6CF24022D67}.AppStore|iPhone.Deploy.0 = Release|Any CPU
		{363A614A-0971-43D6-8A82-D6CF24022D67}.AppStore|iPhoneSimulator.ActiveCfg = Release|Any CPU
		{363A614A-0971-43D6-8A82-D6CF24022D67}.AppStore|iPhoneSimulator.Build.0 = Release|Any CPU
		{363A614A-0971-43D6-8A82-D6CF24022D67}.AppStore|iPhoneSimulator.Deploy.0 = Release|Any CPU
		{363A614A-0971-43D6-8A82-D6CF24022D67}.AppStore|x64.ActiveCfg = Release|Any CPU
		{363A614A-0971-43D6-8A82-D6CF24022D67}.AppStore|x64.Build.0 = Release|Any CPU
		{363A614A-0971-43D6-8A82-D6CF24022D67}.AppStore|x64.Deploy.0 = Release|Any CPU
		{363A614A-0971-43D6-8A82-D6CF24022D67}.AppStore|x86.ActiveCfg = Release|x86
		{363A614A-0971-43D6-8A82-D6CF24022D67}.AppStore|x86.Build.0 = Release|x86
		{363A614A-0971-43D6-8A82-D6CF24022D67}.AppStore|x86.Deploy.0 = Release|x86
		{363A614A-0971-43D6-8A82-D6CF24022D67}.Debug|Any CPU.ActiveCfg = Debug|Any CPU
		{363A614A-0971-43D6-8A82-D6CF24022D67}.Debug|Any CPU.Build.0 = Debug|Any CPU
		{363A614A-0971-43D6-8A82-D6CF24022D67}.Debug|Any CPU.Deploy.0 = Debug|Any CPU
		{363A614A-0971-43D6-8A82-D6CF24022D67}.Debug|ARM.ActiveCfg = Debug|ARM
		{363A614A-0971-43D6-8A82-D6CF24022D67}.Debug|ARM.Build.0 = Debug|ARM
		{363A614A-0971-43D6-8A82-D6CF24022D67}.Debug|ARM.Deploy.0 = Debug|ARM
		{363A614A-0971-43D6-8A82-D6CF24022D67}.Debug|iPhone.ActiveCfg = Debug|Any CPU
		{363A614A-0971-43D6-8A82-D6CF24022D67}.Debug|iPhone.Build.0 = Debug|Any CPU
		{363A614A-0971-43D6-8A82-D6CF24022D67}.Debug|iPhone.Deploy.0 = Debug|Any CPU
		{363A614A-0971-43D6-8A82-D6CF24022D67}.Debug|iPhoneSimulator.ActiveCfg = Debug|Any CPU
		{363A614A-0971-43D6-8A82-D6CF24022D67}.Debug|iPhoneSimulator.Build.0 = Debug|Any CPU
		{363A614A-0971-43D6-8A82-D6CF24022D67}.Debug|iPhoneSimulator.Deploy.0 = Debug|Any CPU
		{363A614A-0971-43D6-8A82-D6CF24022D67}.Debug|x64.ActiveCfg = Debug|Any CPU
		{363A614A-0971-43D6-8A82-D6CF24022D67}.Debug|x64.Build.0 = Debug|Any CPU
		{363A614A-0971-43D6-8A82-D6CF24022D67}.Debug|x64.Deploy.0 = Debug|Any CPU
		{363A614A-0971-43D6-8A82-D6CF24022D67}.Debug|x86.ActiveCfg = Debug|x86
		{363A614A-0971-43D6-8A82-D6CF24022D67}.Debug|x86.Build.0 = Debug|x86
		{363A614A-0971-43D6-8A82-D6CF24022D67}.Debug|x86.Deploy.0 = Debug|x86
		{363A614A-0971-43D6-8A82-D6CF24022D67}.Release|Any CPU.ActiveCfg = Release|Any CPU
		{363A614A-0971-43D6-8A82-D6CF24022D67}.Release|Any CPU.Build.0 = Release|Any CPU
		{363A614A-0971-43D6-8A82-D6CF24022D67}.Release|Any CPU.Deploy.0 = Release|Any CPU
		{363A614A-0971-43D6-8A82-D6CF24022D67}.Release|ARM.ActiveCfg = Release|ARM
		{363A614A-0971-43D6-8A82-D6CF24022D67}.Release|ARM.Build.0 = Release|ARM
		{363A614A-0971-43D6-8A82-D6CF24022D67}.Release|ARM.Deploy.0 = Release|ARM
		{363A614A-0971-43D6-8A82-D6CF24022D67}.Release|iPhone.ActiveCfg = Release|Any CPU
		{363A614A-0971-43D6-8A82-D6CF24022D67}.Release|iPhone.Build.0 = Release|Any CPU
		{363A614A-0971-43D6-8A82-D6CF24022D67}.Release|iPhone.Deploy.0 = Release|Any CPU
		{363A614A-0971-43D6-8A82-D6CF24022D67}.Release|iPhoneSimulator.ActiveCfg = Release|Any CPU
		{363A614A-0971-43D6-8A82-D6CF24022D67}.Release|iPhoneSimulator.Build.0 = Release|Any CPU
		{363A614A-0971-43D6-8A82-D6CF24022D67}.Release|iPhoneSimulator.Deploy.0 = Release|Any CPU
		{363A614A-0971-43D6-8A82-D6CF24022D67}.Release|x64.ActiveCfg = Release|Any CPU
		{363A614A-0971-43D6-8A82-D6CF24022D67}.Release|x64.Build.0 = Release|Any CPU
		{363A614A-0971-43D6-8A82-D6CF24022D67}.Release|x64.Deploy.0 = Release|Any CPU
		{363A614A-0971-43D6-8A82-D6CF24022D67}.Release|x86.ActiveCfg = Release|x86
		{363A614A-0971-43D6-8A82-D6CF24022D67}.Release|x86.Build.0 = Release|x86
		{363A614A-0971-43D6-8A82-D6CF24022D67}.Release|x86.Deploy.0 = Release|x86
		{68383AB6-0BD4-47A0-B629-436114E6A8F7}.Ad-Hoc|Any CPU.ActiveCfg = Release|x86
		{68383AB6-0BD4-47A0-B629-436114E6A8F7}.Ad-Hoc|Any CPU.Build.0 = Release|x86
		{68383AB6-0BD4-47A0-B629-436114E6A8F7}.Ad-Hoc|Any CPU.Deploy.0 = Release|x86
		{68383AB6-0BD4-47A0-B629-436114E6A8F7}.Ad-Hoc|ARM.ActiveCfg = Release|ARM
		{68383AB6-0BD4-47A0-B629-436114E6A8F7}.Ad-Hoc|ARM.Build.0 = Release|ARM
		{68383AB6-0BD4-47A0-B629-436114E6A8F7}.Ad-Hoc|ARM.Deploy.0 = Release|ARM
		{68383AB6-0BD4-47A0-B629-436114E6A8F7}.Ad-Hoc|iPhone.ActiveCfg = Release|x86
		{68383AB6-0BD4-47A0-B629-436114E6A8F7}.Ad-Hoc|iPhone.Build.0 = Release|x86
		{68383AB6-0BD4-47A0-B629-436114E6A8F7}.Ad-Hoc|iPhone.Deploy.0 = Release|x86
		{68383AB6-0BD4-47A0-B629-436114E6A8F7}.Ad-Hoc|iPhoneSimulator.ActiveCfg = Release|x86
		{68383AB6-0BD4-47A0-B629-436114E6A8F7}.Ad-Hoc|iPhoneSimulator.Build.0 = Release|x86
		{68383AB6-0BD4-47A0-B629-436114E6A8F7}.Ad-Hoc|iPhoneSimulator.Deploy.0 = Release|x86
		{68383AB6-0BD4-47A0-B629-436114E6A8F7}.Ad-Hoc|x64.ActiveCfg = Release|x64
		{68383AB6-0BD4-47A0-B629-436114E6A8F7}.Ad-Hoc|x64.Build.0 = Release|x64
		{68383AB6-0BD4-47A0-B629-436114E6A8F7}.Ad-Hoc|x64.Deploy.0 = Release|x64
		{68383AB6-0BD4-47A0-B629-436114E6A8F7}.Ad-Hoc|x86.ActiveCfg = Release|x86
		{68383AB6-0BD4-47A0-B629-436114E6A8F7}.Ad-Hoc|x86.Build.0 = Release|x86
		{68383AB6-0BD4-47A0-B629-436114E6A8F7}.Ad-Hoc|x86.Deploy.0 = Release|x86
		{68383AB6-0BD4-47A0-B629-436114E6A8F7}.AppStore|Any CPU.ActiveCfg = Release|x86
		{68383AB6-0BD4-47A0-B629-436114E6A8F7}.AppStore|Any CPU.Build.0 = Release|x86
		{68383AB6-0BD4-47A0-B629-436114E6A8F7}.AppStore|Any CPU.Deploy.0 = Release|x86
		{68383AB6-0BD4-47A0-B629-436114E6A8F7}.AppStore|ARM.ActiveCfg = Release|ARM
		{68383AB6-0BD4-47A0-B629-436114E6A8F7}.AppStore|ARM.Build.0 = Release|ARM
		{68383AB6-0BD4-47A0-B629-436114E6A8F7}.AppStore|ARM.Deploy.0 = Release|ARM
		{68383AB6-0BD4-47A0-B629-436114E6A8F7}.AppStore|iPhone.ActiveCfg = Release|x86
		{68383AB6-0BD4-47A0-B629-436114E6A8F7}.AppStore|iPhone.Build.0 = Release|x86
		{68383AB6-0BD4-47A0-B629-436114E6A8F7}.AppStore|iPhone.Deploy.0 = Release|x86
		{68383AB6-0BD4-47A0-B629-436114E6A8F7}.AppStore|iPhoneSimulator.ActiveCfg = Release|x86
		{68383AB6-0BD4-47A0-B629-436114E6A8F7}.AppStore|iPhoneSimulator.Build.0 = Release|x86
		{68383AB6-0BD4-47A0-B629-436114E6A8F7}.AppStore|iPhoneSimulator.Deploy.0 = Release|x86
		{68383AB6-0BD4-47A0-B629-436114E6A8F7}.AppStore|x64.ActiveCfg = Release|x64
		{68383AB6-0BD4-47A0-B629-436114E6A8F7}.AppStore|x64.Build.0 = Release|x64
		{68383AB6-0BD4-47A0-B629-436114E6A8F7}.AppStore|x64.Deploy.0 = Release|x64
		{68383AB6-0BD4-47A0-B629-436114E6A8F7}.AppStore|x86.ActiveCfg = Release|x86
		{68383AB6-0BD4-47A0-B629-436114E6A8F7}.AppStore|x86.Build.0 = Release|x86
		{68383AB6-0BD4-47A0-B629-436114E6A8F7}.AppStore|x86.Deploy.0 = Release|x86
		{68383AB6-0BD4-47A0-B629-436114E6A8F7}.Debug|Any CPU.ActiveCfg = Debug|x86
		{68383AB6-0BD4-47A0-B629-436114E6A8F7}.Debug|ARM.ActiveCfg = Debug|ARM
		{68383AB6-0BD4-47A0-B629-436114E6A8F7}.Debug|ARM.Build.0 = Debug|ARM
		{68383AB6-0BD4-47A0-B629-436114E6A8F7}.Debug|ARM.Deploy.0 = Debug|ARM
		{68383AB6-0BD4-47A0-B629-436114E6A8F7}.Debug|iPhone.ActiveCfg = Debug|x86
		{68383AB6-0BD4-47A0-B629-436114E6A8F7}.Debug|iPhoneSimulator.ActiveCfg = Debug|x86
		{68383AB6-0BD4-47A0-B629-436114E6A8F7}.Debug|x64.ActiveCfg = Debug|x64
		{68383AB6-0BD4-47A0-B629-436114E6A8F7}.Debug|x64.Build.0 = Debug|x64
		{68383AB6-0BD4-47A0-B629-436114E6A8F7}.Debug|x64.Deploy.0 = Debug|x64
		{68383AB6-0BD4-47A0-B629-436114E6A8F7}.Debug|x86.ActiveCfg = Debug|x86
		{68383AB6-0BD4-47A0-B629-436114E6A8F7}.Debug|x86.Build.0 = Debug|x86
		{68383AB6-0BD4-47A0-B629-436114E6A8F7}.Debug|x86.Deploy.0 = Debug|x86
		{68383AB6-0BD4-47A0-B629-436114E6A8F7}.Release|Any CPU.ActiveCfg = Release|x86
		{68383AB6-0BD4-47A0-B629-436114E6A8F7}.Release|ARM.ActiveCfg = Release|ARM
		{68383AB6-0BD4-47A0-B629-436114E6A8F7}.Release|ARM.Build.0 = Release|ARM
		{68383AB6-0BD4-47A0-B629-436114E6A8F7}.Release|ARM.Deploy.0 = Release|ARM
		{68383AB6-0BD4-47A0-B629-436114E6A8F7}.Release|iPhone.ActiveCfg = Release|x86
		{68383AB6-0BD4-47A0-B629-436114E6A8F7}.Release|iPhoneSimulator.ActiveCfg = Release|x86
		{68383AB6-0BD4-47A0-B629-436114E6A8F7}.Release|x64.ActiveCfg = Release|x64
		{68383AB6-0BD4-47A0-B629-436114E6A8F7}.Release|x64.Build.0 = Release|x64
		{68383AB6-0BD4-47A0-B629-436114E6A8F7}.Release|x64.Deploy.0 = Release|x64
		{68383AB6-0BD4-47A0-B629-436114E6A8F7}.Release|x86.ActiveCfg = Release|x86
		{68383AB6-0BD4-47A0-B629-436114E6A8F7}.Release|x86.Build.0 = Release|x86
		{68383AB6-0BD4-47A0-B629-436114E6A8F7}.Release|x86.Deploy.0 = Release|x86
		{DB7F5C8E-93EC-4C39-B98A-A08B54519052}.Ad-Hoc|Any CPU.ActiveCfg = Release|Any CPU
		{DB7F5C8E-93EC-4C39-B98A-A08B54519052}.Ad-Hoc|Any CPU.Build.0 = Release|Any CPU
		{DB7F5C8E-93EC-4C39-B98A-A08B54519052}.Ad-Hoc|Any CPU.Deploy.0 = Release|Any CPU
		{DB7F5C8E-93EC-4C39-B98A-A08B54519052}.Ad-Hoc|ARM.ActiveCfg = Release|ARM
		{DB7F5C8E-93EC-4C39-B98A-A08B54519052}.Ad-Hoc|ARM.Build.0 = Release|ARM
		{DB7F5C8E-93EC-4C39-B98A-A08B54519052}.Ad-Hoc|ARM.Deploy.0 = Release|ARM
		{DB7F5C8E-93EC-4C39-B98A-A08B54519052}.Ad-Hoc|iPhone.ActiveCfg = Release|Any CPU
		{DB7F5C8E-93EC-4C39-B98A-A08B54519052}.Ad-Hoc|iPhone.Build.0 = Release|Any CPU
		{DB7F5C8E-93EC-4C39-B98A-A08B54519052}.Ad-Hoc|iPhone.Deploy.0 = Release|Any CPU
		{DB7F5C8E-93EC-4C39-B98A-A08B54519052}.Ad-Hoc|iPhoneSimulator.ActiveCfg = Release|Any CPU
		{DB7F5C8E-93EC-4C39-B98A-A08B54519052}.Ad-Hoc|iPhoneSimulator.Build.0 = Release|Any CPU
		{DB7F5C8E-93EC-4C39-B98A-A08B54519052}.Ad-Hoc|iPhoneSimulator.Deploy.0 = Release|Any CPU
		{DB7F5C8E-93EC-4C39-B98A-A08B54519052}.Ad-Hoc|x64.ActiveCfg = Release|x64
		{DB7F5C8E-93EC-4C39-B98A-A08B54519052}.Ad-Hoc|x64.Build.0 = Release|x64
		{DB7F5C8E-93EC-4C39-B98A-A08B54519052}.Ad-Hoc|x64.Deploy.0 = Release|x64
		{DB7F5C8E-93EC-4C39-B98A-A08B54519052}.Ad-Hoc|x86.ActiveCfg = Release|x86
		{DB7F5C8E-93EC-4C39-B98A-A08B54519052}.Ad-Hoc|x86.Build.0 = Release|x86
		{DB7F5C8E-93EC-4C39-B98A-A08B54519052}.Ad-Hoc|x86.Deploy.0 = Release|x86
		{DB7F5C8E-93EC-4C39-B98A-A08B54519052}.AppStore|Any CPU.ActiveCfg = Release|Any CPU
		{DB7F5C8E-93EC-4C39-B98A-A08B54519052}.AppStore|Any CPU.Build.0 = Release|Any CPU
		{DB7F5C8E-93EC-4C39-B98A-A08B54519052}.AppStore|Any CPU.Deploy.0 = Release|Any CPU
		{DB7F5C8E-93EC-4C39-B98A-A08B54519052}.AppStore|ARM.ActiveCfg = Release|ARM
		{DB7F5C8E-93EC-4C39-B98A-A08B54519052}.AppStore|ARM.Build.0 = Release|ARM
		{DB7F5C8E-93EC-4C39-B98A-A08B54519052}.AppStore|ARM.Deploy.0 = Release|ARM
		{DB7F5C8E-93EC-4C39-B98A-A08B54519052}.AppStore|iPhone.ActiveCfg = Release|Any CPU
		{DB7F5C8E-93EC-4C39-B98A-A08B54519052}.AppStore|iPhone.Build.0 = Release|Any CPU
		{DB7F5C8E-93EC-4C39-B98A-A08B54519052}.AppStore|iPhone.Deploy.0 = Release|Any CPU
		{DB7F5C8E-93EC-4C39-B98A-A08B54519052}.AppStore|iPhoneSimulator.ActiveCfg = Release|Any CPU
		{DB7F5C8E-93EC-4C39-B98A-A08B54519052}.AppStore|iPhoneSimulator.Build.0 = Release|Any CPU
		{DB7F5C8E-93EC-4C39-B98A-A08B54519052}.AppStore|iPhoneSimulator.Deploy.0 = Release|Any CPU
		{DB7F5C8E-93EC-4C39-B98A-A08B54519052}.AppStore|x64.ActiveCfg = Release|x64
		{DB7F5C8E-93EC-4C39-B98A-A08B54519052}.AppStore|x64.Build.0 = Release|x64
		{DB7F5C8E-93EC-4C39-B98A-A08B54519052}.AppStore|x64.Deploy.0 = Release|x64
		{DB7F5C8E-93EC-4C39-B98A-A08B54519052}.AppStore|x86.ActiveCfg = Release|x86
		{DB7F5C8E-93EC-4C39-B98A-A08B54519052}.AppStore|x86.Build.0 = Release|x86
		{DB7F5C8E-93EC-4C39-B98A-A08B54519052}.AppStore|x86.Deploy.0 = Release|x86
		{DB7F5C8E-93EC-4C39-B98A-A08B54519052}.Debug|Any CPU.ActiveCfg = Debug|Any CPU
		{DB7F5C8E-93EC-4C39-B98A-A08B54519052}.Debug|Any CPU.Build.0 = Debug|Any CPU
		{DB7F5C8E-93EC-4C39-B98A-A08B54519052}.Debug|Any CPU.Deploy.0 = Debug|Any CPU
		{DB7F5C8E-93EC-4C39-B98A-A08B54519052}.Debug|ARM.ActiveCfg = Debug|ARM
		{DB7F5C8E-93EC-4C39-B98A-A08B54519052}.Debug|ARM.Build.0 = Debug|ARM
		{DB7F5C8E-93EC-4C39-B98A-A08B54519052}.Debug|ARM.Deploy.0 = Debug|ARM
		{DB7F5C8E-93EC-4C39-B98A-A08B54519052}.Debug|iPhone.ActiveCfg = Debug|Any CPU
		{DB7F5C8E-93EC-4C39-B98A-A08B54519052}.Debug|iPhone.Build.0 = Debug|Any CPU
		{DB7F5C8E-93EC-4C39-B98A-A08B54519052}.Debug|iPhone.Deploy.0 = Debug|Any CPU
		{DB7F5C8E-93EC-4C39-B98A-A08B54519052}.Debug|iPhoneSimulator.ActiveCfg = Debug|Any CPU
		{DB7F5C8E-93EC-4C39-B98A-A08B54519052}.Debug|iPhoneSimulator.Build.0 = Debug|Any CPU
		{DB7F5C8E-93EC-4C39-B98A-A08B54519052}.Debug|iPhoneSimulator.Deploy.0 = Debug|Any CPU
		{DB7F5C8E-93EC-4C39-B98A-A08B54519052}.Debug|x64.ActiveCfg = Debug|x64
		{DB7F5C8E-93EC-4C39-B98A-A08B54519052}.Debug|x64.Build.0 = Debug|x64
		{DB7F5C8E-93EC-4C39-B98A-A08B54519052}.Debug|x64.Deploy.0 = Debug|x64
		{DB7F5C8E-93EC-4C39-B98A-A08B54519052}.Debug|x86.ActiveCfg = Debug|x86
		{DB7F5C8E-93EC-4C39-B98A-A08B54519052}.Debug|x86.Build.0 = Debug|x86
		{DB7F5C8E-93EC-4C39-B98A-A08B54519052}.Debug|x86.Deploy.0 = Debug|x86
		{DB7F5C8E-93EC-4C39-B98A-A08B54519052}.Release|Any CPU.ActiveCfg = Release|Any CPU
		{DB7F5C8E-93EC-4C39-B98A-A08B54519052}.Release|Any CPU.Build.0 = Release|Any CPU
		{DB7F5C8E-93EC-4C39-B98A-A08B54519052}.Release|Any CPU.Deploy.0 = Release|Any CPU
		{DB7F5C8E-93EC-4C39-B98A-A08B54519052}.Release|ARM.ActiveCfg = Release|ARM
		{DB7F5C8E-93EC-4C39-B98A-A08B54519052}.Release|ARM.Build.0 = Release|ARM
		{DB7F5C8E-93EC-4C39-B98A-A08B54519052}.Release|ARM.Deploy.0 = Release|ARM
		{DB7F5C8E-93EC-4C39-B98A-A08B54519052}.Release|iPhone.ActiveCfg = Release|Any CPU
		{DB7F5C8E-93EC-4C39-B98A-A08B54519052}.Release|iPhone.Build.0 = Release|Any CPU
		{DB7F5C8E-93EC-4C39-B98A-A08B54519052}.Release|iPhone.Deploy.0 = Release|Any CPU
		{DB7F5C8E-93EC-4C39-B98A-A08B54519052}.Release|iPhoneSimulator.ActiveCfg = Release|Any CPU
		{DB7F5C8E-93EC-4C39-B98A-A08B54519052}.Release|iPhoneSimulator.Build.0 = Release|Any CPU
		{DB7F5C8E-93EC-4C39-B98A-A08B54519052}.Release|iPhoneSimulator.Deploy.0 = Release|Any CPU
		{DB7F5C8E-93EC-4C39-B98A-A08B54519052}.Release|x64.ActiveCfg = Release|x64
		{DB7F5C8E-93EC-4C39-B98A-A08B54519052}.Release|x64.Build.0 = Release|x64
		{DB7F5C8E-93EC-4C39-B98A-A08B54519052}.Release|x64.Deploy.0 = Release|x64
		{DB7F5C8E-93EC-4C39-B98A-A08B54519052}.Release|x86.ActiveCfg = Release|x86
		{DB7F5C8E-93EC-4C39-B98A-A08B54519052}.Release|x86.Build.0 = Release|x86
		{DB7F5C8E-93EC-4C39-B98A-A08B54519052}.Release|x86.Deploy.0 = Release|x86
	EndGlobalSection
	GlobalSection(SolutionProperties) = preSolution
		HideSolutionNode = FALSE
	EndGlobalSection
EndGlobal
