
Microsoft Visual Studio Solution File, Format Version 12.00
# Visual Studio 14
VisualStudioVersion = 14.0.25420.1
MinimumVisualStudioVersion = 10.0.40219.1
Project("{2150E333-8FDC-42A3-9474-1A3956D46DE8}") = "src", "src", "{9E492081-1F93-4756-8FA0-2E1E841EF7AC}"
EndProject
Project("{2150E333-8FDC-42A3-9474-1A3956D46DE8}") = "Solution Items", "Solution Items", "{239986EF-8526-4404-91C2-10A93127BD74}"
	ProjectSection(SolutionItems) = preProject
		global.json = global.json
	EndProjectSection
EndProject
Project("{8BB2217D-0F2D-49D1-97BC-3654ED321F3B}") = "CognitiveSampleApps", "src\CognitiveSampleApps\CognitiveSampleApps.xproj", "{13BD6BED-6391-4784-BD58-2D008F82BF85}"
EndProject
Global
	GlobalSection(SolutionConfigurationPlatforms) = preSolution
		Debug|Any CPU = Debug|Any CPU
		Release|Any CPU = Release|Any CPU
	EndGlobalSection
	GlobalSection(ProjectConfigurationPlatforms) = postSolution
		{13BD6BED-6391-4784-BD58-2D008F82BF85}.Debug|Any CPU.ActiveCfg = Debug|Any CPU
		{13BD6BED-6391-4784-BD58-2D008F82BF85}.Debug|Any CPU.Build.0 = Debug|Any CPU
		{13BD6BED-6391-4784-BD58-2D008F82BF85}.Release|Any CPU.ActiveCfg = Release|Any CPU
		{13BD6BED-6391-4784-BD58-2D008F82BF85}.Release|Any CPU.Build.0 = Release|Any CPU
	EndGlobalSection
	GlobalSection(SolutionProperties) = preSolution
		HideSolutionNode = FALSE
	EndGlobalSection
	GlobalSection(NestedProjects) = preSolution
		{13BD6BED-6391-4784-BD58-2D008F82BF85} = {9E492081-1F93-4756-8FA0-2E1E841EF7AC}
	EndGlobalSection
EndGlobal
